lockfileVersion: '9.0'

settings:
  autoInstallPeers: true
  excludeLinksFromLockfile: false

importers:

  .:
    dependencies:
      '@prisma/client':
        specifier: ^6.9.0
        version: 6.9.0(prisma@6.9.0)
      pnpm:
        specifier: ^10.11.1
        version: 10.11.1
    devDependencies:
      prisma:
        specifier: ^6.9.0
        version: 6.9.0

packages:

  '@prisma/client@6.9.0':
    resolution: {integrity: sha512-Gg7j1hwy3SgF1KHrh0PZsYvAaykeR0PaxusnLXydehS96voYCGt1U5zVR31NIouYc63hWzidcrir1a7AIyCsNQ==}
    engines: {node: '>=18.18'}
    peerDependencies:
      prisma: '*'
      typescript: '>=5.1.0'
    peerDependenciesMeta:
      prisma:
        optional: true
      typescript:
        optional: true

  '@prisma/config@6.9.0':
    resolution: {integrity: sha512-Wcfk8/lN3WRJd5w4jmNQkUwhUw0eksaU/+BlAJwPQKW10k0h0LC9PD/6TQFmqKVbHQL0vG2z266r0S1MPzzhbA==}

  '@prisma/debug@6.9.0':
    resolution: {integrity: sha512-bFeur/qi/Q+Mqk4JdQ3R38upSYPebv5aOyD1RKywVD+rAMLtRkmTFn28ZuTtVOnZHEdtxnNOCH+bPIeSGz1+Fg==}

  '@prisma/engines-version@6.9.0-10.81e4af48011447c3cc503a190e86995b66d2a28e':
    resolution: {integrity: sha512-Qp9gMoBHgqhKlrvumZWujmuD7q4DV/gooEyPCLtbkc13EZdSz2RsGUJ5mHb3RJgAbk+dm6XenqG7obJEhXcJ6Q==}

  '@prisma/engines@6.9.0':
    resolution: {integrity: sha512-im0X0bwDLA0244CDf8fuvnLuCQcBBdAGgr+ByvGfQY9wWl6EA+kRGwVk8ZIpG65rnlOwtaWIr/ZcEU5pNVvq9g==}

  '@prisma/fetch-engine@6.9.0':
    resolution: {integrity: sha512-PMKhJdl4fOdeE3J3NkcWZ+tf3W6rx3ht/rLU8w4SXFRcLhd5+3VcqY4Kslpdm8osca4ej3gTfB3+cSk5pGxgFg==}

  '@prisma/get-platform@6.9.0':
    resolution: {integrity: sha512-/B4n+5V1LI/1JQcHp+sUpyRT1bBgZVPHbsC4lt4/19Xp4jvNIVcq5KYNtQDk5e/ukTSjo9PZVAxxy9ieFtlpTQ==}

  jiti@2.4.2:
    resolution: {integrity: sha512-rg9zJN+G4n2nfJl5MW3BMygZX56zKPNVEYYqq7adpmMh4Jn2QNEwhvQlFy6jPVdcod7txZtKHWnyZiA3a0zP7A==}
    hasBin: true

  pnpm@10.11.1:
    resolution: {integrity: sha512-5Rm592OYadyNXDxd/vc7PwkQlLCgBtcxc1PHKxJOgOGv1ClzLihwWta/oe6HnB/ORsEozOvTGSEB9D3WfGZ5Eg==}
    engines: {node: '>=18.12'}
    hasBin: true

  prisma@6.9.0:
    resolution: {integrity: sha512-resJAwMyZREC/I40LF6FZ6rZTnlrlrYrb63oW37Gq+U+9xHwbyMSPJjKtM7VZf3gTO86t/Oyz+YeSXr3CmAY1Q==}
    engines: {node: '>=18.18'}
    hasBin: true
    peerDependencies:
      typescript: '>=5.1.0'
    peerDependenciesMeta:
      typescript:
        optional: true

snapshots:

  '@prisma/client@6.9.0(prisma@6.9.0)':
    optionalDependencies:
      prisma: 6.9.0

  '@prisma/config@6.9.0':
    dependencies:
      jiti: 2.4.2

  '@prisma/debug@6.9.0': {}

  '@prisma/engines-version@6.9.0-10.81e4af48011447c3cc503a190e86995b66d2a28e': {}

  '@prisma/engines@6.9.0':
    dependencies:
      '@prisma/debug': 6.9.0
      '@prisma/engines-version': 6.9.0-10.81e4af48011447c3cc503a190e86995b66d2a28e
      '@prisma/fetch-engine': 6.9.0
      '@prisma/get-platform': 6.9.0

  '@prisma/fetch-engine@6.9.0':
    dependencies:
      '@prisma/debug': 6.9.0
      '@prisma/engines-version': 6.9.0-10.81e4af48011447c3cc503a190e86995b66d2a28e
      '@prisma/get-platform': 6.9.0

  '@prisma/get-platform@6.9.0':
    dependencies:
      '@prisma/debug': 6.9.0

  jiti@2.4.2: {}

  pnpm@10.11.1: {}

  prisma@6.9.0:
    dependencies:
      '@prisma/config': 6.9.0
      '@prisma/engines': 6.9.0
